
Microsoft Visual Studio Solution File, Format Version 12.00
# Visual Studio Version 17
VisualStudioVersion = 17.9.34607.119
MinimumVisualStudioVersion = 10.0.40219.1
Project("{FAE04EC0-301F-11D3-BF4B-00C04F79EFBC}") = "ALLWHOLESALE", "ALLWHOLESALE\ALLWHOLESALE.csproj", "{812F05F2-B391-4EF7-BF2B-FA1A05FFFEEA}"
EndProject
Global
	GlobalSection(SolutionConfigurationPlatforms) = preSolution
		Debug|Any CPU = Debug|Any CPU
		Release|Any CPU = Release|Any CPU
	EndGlobalSection
	GlobalSection(ProjectConfigurationPlatforms) = postSolution
		{812F05F2-B391-4EF7-BF2B-FA1A05FFFEEA}.Debug|Any CPU.ActiveCfg = Debug|Any CPU
		{812F05F2-B391-4EF7-BF2B-FA1A05FFFEEA}.Debug|Any CPU.Build.0 = Debug|Any CPU
		{812F05F2-B391-4EF7-BF2B-FA1A05FFFEEA}.Release|Any CPU.ActiveCfg = Release|Any CPU
		{812F05F2-B391-4EF7-BF2B-FA1A05FFFEEA}.Release|Any CPU.Build.0 = Release|Any CPU
	EndGlobalSection
	GlobalSection(SolutionProperties) = preSolution
		HideSolutionNode = FALSE
	EndGlobalSection
	GlobalSection(ExtensibilityGlobals) = postSolution
		SolutionGuid = {4C420608-E13F-4645-B49C-96C15F49248C}
	EndGlobalSection
EndGlobal
